
Microsoft Visual Studio Solution File, Format Version 12.00
# Visual Studio Version 17
VisualStudioVersion = 17.4.33122.133
MinimumVisualStudioVersion = 10.0.40219.1
Project("{2150E333-8FDC-42A3-9474-1A3956D46DE8}") = "src", "src", "{8C683BFA-2DB2-405B-8793-F2F97510FF58}"
EndProject
Project("{2150E333-8FDC-42A3-9474-1A3956D46DE8}") = "TagURIT.Core", "TagURIT.Core", "{77AB96D2-4B34-4295-BCD8-FB229C9008AF}"
EndProject
Project("{FAE04EC0-301F-11D3-BF4B-00C04F79EFBC}") = "TagURIT.Core", "TagURIT.Core\TagURIT.Core.csproj", "{44C44C58-D0EE-440E-B701-88C5AA9133C5}"
EndProject
Global
	GlobalSection(SolutionConfigurationPlatforms) = preSolution
		Debug|Any CPU = Debug|Any CPU
		Release|Any CPU = Release|Any CPU
	EndGlobalSection
	GlobalSection(ProjectConfigurationPlatforms) = postSolution
		{44C44C58-D0EE-440E-B701-88C5AA9133C5}.Debug|Any CPU.ActiveCfg = Debug|Any CPU
		{44C44C58-D0EE-440E-B701-88C5AA9133C5}.Debug|Any CPU.Build.0 = Debug|Any CPU
		{44C44C58-D0EE-440E-B701-88C5AA9133C5}.Release|Any CPU.ActiveCfg = Release|Any CPU
		{44C44C58-D0EE-440E-B701-88C5AA9133C5}.Release|Any CPU.Build.0 = Release|Any CPU
	EndGlobalSection
	GlobalSection(SolutionProperties) = preSolution
		HideSolutionNode = FALSE
	EndGlobalSection
	GlobalSection(NestedProjects) = preSolution
		{77AB96D2-4B34-4295-BCD8-FB229C9008AF} = {8C683BFA-2DB2-405B-8793-F2F97510FF58}
		{44C44C58-D0EE-440E-B701-88C5AA9133C5} = {77AB96D2-4B34-4295-BCD8-FB229C9008AF}
	EndGlobalSection
	GlobalSection(ExtensibilityGlobals) = postSolution
		SolutionGuid = {226FFC4C-84AE-4FFE-8E89-D4B84A4D7004}
	EndGlobalSection
EndGlobal
